
Microsoft Visual Studio Solution File, Format Version 12.00
# Visual Studio 15
VisualStudioVersion = 15.0.27703.2042
MinimumVisualStudioVersion = 10.0.40219.1
Project("{FAE04EC0-301F-11D3-BF4B-00C04F79EFBC}") = "TestAuthenticationWeb", "TestAuthenticationWeb\TestAuthenticationWeb.csproj", "{C30DDA21-3D73-40E8-8F4A-192E1014AC04}"
EndProject
Project("{FAE04EC0-301F-11D3-BF4B-00C04F79EFBC}") = "WindowsFormsApp1", "WindowsFormsApp1\WindowsFormsApp1.csproj", "{613AE22A-2185-40B4-ACB6-E4520FB5A17E}"
EndProject
Global
	GlobalSection(SolutionConfigurationPlatforms) = preSolution
		Debug|Any CPU = Debug|Any CPU
		Release|Any CPU = Release|Any CPU
	EndGlobalSection
	GlobalSection(ProjectConfigurationPlatforms) = postSolution
		{C30DDA21-3D73-40E8-8F4A-192E1014AC04}.Debug|Any CPU.ActiveCfg = Debug|Any CPU
		{C30DDA21-3D73-40E8-8F4A-192E1014AC04}.Debug|Any CPU.Build.0 = Debug|Any CPU
		{C30DDA21-3D73-40E8-8F4A-192E1014AC04}.Release|Any CPU.ActiveCfg = Release|Any CPU
		{C30DDA21-3D73-40E8-8F4A-192E1014AC04}.Release|Any CPU.Build.0 = Release|Any CPU
		{613AE22A-2185-40B4-ACB6-E4520FB5A17E}.Debug|Any CPU.ActiveCfg = Debug|Any CPU
		{613AE22A-2185-40B4-ACB6-E4520FB5A17E}.Debug|Any CPU.Build.0 = Debug|Any CPU
		{613AE22A-2185-40B4-ACB6-E4520FB5A17E}.Release|Any CPU.ActiveCfg = Release|Any CPU
		{613AE22A-2185-40B4-ACB6-E4520FB5A17E}.Release|Any CPU.Build.0 = Release|Any CPU
	EndGlobalSection
	GlobalSection(SolutionProperties) = preSolution
		HideSolutionNode = FALSE
	EndGlobalSection
	GlobalSection(ExtensibilityGlobals) = postSolution
		SolutionGuid = {AD867780-571A-4EA4-A128-5EB1DF73E616}
	EndGlobalSection
EndGlobal
